// !$*UTF8*$!
{
	archiveVersion = 1;
	classes = {
	};
	objectVersion = 60;
	objects = {

/* Begin PBXBuildFile section */
		C1F319B22D1206E600A52005 /* SpotifySDKAppApp.swift in Sources */ = {isa = PBXBuildFile; fileRef = C1F319B12D1206E600A52005 /* SpotifySDKAppApp.swift */; };
		C1F319B42D1206E600A52005 /* ContentView.swift in Sources */ = {isa = PBXBuildFile; fileRef = C1F319B32D1206E600A52005 /* ContentView.swift */; };
		C1F319B62D1206E600A52005 /* Assets.xcassets in Resources */ = {isa = PBXBuildFile; fileRef = C1F319B52D1206E600A52005 /* Assets.xcassets */; };
		C1F319B92D1206E600A52005 /* Preview Assets.xcassets in Resources */ = {isa = PBXBuildFile; fileRef = C1F319B82D1206E600A52005 /* Preview Assets.xcassets */; };
		C1F319C32D1206E600A52005 /* SpotifySDKAppTests.swift in Sources */ = {isa = PBXBuildFile; fileRef = C1F319C22D1206E600A52005 /* SpotifySDKAppTests.swift */; };
		C1F319CD2D1206E600A52005 /* SpotifySDKAppUITests.swift in Sources */ = {isa = PBXBuildFile; fileRef = C1F319CC2D1206E600A52005 /* SpotifySDKAppUITests.swift */; };
		C1F319CF2D1206E600A52005 /* SpotifySDKAppUITestsLaunchTests.swift in Sources */ = {isa = PBXBuildFile; fileRef = C1F319CE2D1206E600A52005 /* SpotifySDKAppUITestsLaunchTests.swift */; };
		C1F319E22D12843A00A52005 /* SpotifyiOS.xcframework in Frameworks */ = {isa = PBXBuildFile; fileRef = C1F319E02D12843A00A52005 /* SpotifyiOS.xcframework */; };
		C1F319E32D12843A00A52005 /* SpotifyiOS.xcframework in Frameworks */ = {isa = PBXBuildFile; fileRef = C1F319E02D12843A00A52005 /* SpotifyiOS.xcframework */; };
		C1F319E42D12844B00A52005 /* SpotifyiOS.xcframework in Frameworks */ = {isa = PBXBuildFile; fileRef = C1F319E02D12843A00A52005 /* SpotifyiOS.xcframework */; };
		C1F319E52D12844B00A52005 /* SpotifyiOS.xcframework in Embed Frameworks */ = {isa = PBXBuildFile; fileRef = C1F319E02D12843A00A52005 /* SpotifyiOS.xcframework */; settings = {ATTRIBUTES = (CodeSignOnCopy, RemoveHeadersOnCopy, ); }; };
/* End PBXBuildFile section */

/* Begin PBXContainerItemProxy section */
		C1F319BF2D1206E600A52005 /* PBXContainerItemProxy */ = {
			isa = PBXContainerItemProxy;
			containerPortal = C1F319A62D1206E600A52005 /* Project object */;
			proxyType = 1;
			remoteGlobalIDString = C1F319AD2D1206E600A52005;
			remoteInfo = SpotifySDKApp;
		};
		C1F319C92D1206E600A52005 /* PBXContainerItemProxy */ = {
			isa = PBXContainerItemProxy;
			containerPortal = C1F319A62D1206E600A52005 /* Project object */;
			proxyType = 1;
			remoteGlobalIDString = C1F319AD2D1206E600A52005;
			remoteInfo = SpotifySDKApp;
		};
/* End PBXContainerItemProxy section */

/* Begin PBXCopyFilesBuildPhase section */
		C1F319E62D12844B00A52005 /* Embed Frameworks */ = {
			isa = PBXCopyFilesBuildPhase;
			buildActionMask = 2147483647;
			dstPath = "";
			dstSubfolderSpec = 10;
			files = (
				C1F319E52D12844B00A52005 /* SpotifyiOS.xcframework in Embed Frameworks */,
			);
			name = "Embed Frameworks";
			runOnlyForDeploymentPostprocessing = 0;
		};
/* End PBXCopyFilesBuildPhase section */

/* Begin PBXFileReference section */
		C1018C6B2D13482600B60CAB /* SpotifySDKApp-Bridging-Header.h */ = {isa = PBXFileReference; lastKnownFileType = sourcecode.c.h; path = "SpotifySDKApp-Bridging-Header.h"; sourceTree = "<group>"; };
		C1F319AE2D1206E600A52005 /* SpotifySDKApp.app */ = {isa = PBXFileReference; explicitFileType = wrapper.application; includeInIndex = 0; path = SpotifySDKApp.app; sourceTree = BUILT_PRODUCTS_DIR; };
		C1F319B12D1206E600A52005 /* SpotifySDKAppApp.swift */ = {isa = PBXFileReference; lastKnownFileType = sourcecode.swift; path = SpotifySDKAppApp.swift; sourceTree = "<group>"; };
		C1F319B32D1206E600A52005 /* ContentView.swift */ = {isa = PBXFileReference; lastKnownFileType = sourcecode.swift; path = ContentView.swift; sourceTree = "<group>"; };
		C1F319B52D1206E600A52005 /* Assets.xcassets */ = {isa = PBXFileReference; lastKnownFileType = folder.assetcatalog; path = Assets.xcassets; sourceTree = "<group>"; };
		C1F319B82D1206E600A52005 /* Preview Assets.xcassets */ = {isa = PBXFileReference; lastKnownFileType = folder.assetcatalog; path = "Preview Assets.xcassets"; sourceTree = "<group>"; };
		C1F319BE2D1206E600A52005 /* SpotifySDKAppTests.xctest */ = {isa = PBXFileReference; explicitFileType = wrapper.cfbundle; includeInIndex = 0; path = SpotifySDKAppTests.xctest; sourceTree = BUILT_PRODUCTS_DIR; };
		C1F319C22D1206E600A52005 /* SpotifySDKAppTests.swift */ = {isa = PBXFileReference; lastKnownFileType = sourcecode.swift; path = SpotifySDKAppTests.swift; sourceTree = "<group>"; };
		C1F319C82D1206E600A52005 /* SpotifySDKAppUITests.xctest */ = {isa = PBXFileReference; explicitFileType = wrapper.cfbundle; includeInIndex = 0; path = SpotifySDKAppUITests.xctest; sourceTree = BUILT_PRODUCTS_DIR; };
		C1F319CC2D1206E600A52005 /* SpotifySDKAppUITests.swift */ = {isa = PBXFileReference; lastKnownFileType = sourcecode.swift; path = SpotifySDKAppUITests.swift; sourceTree = "<group>"; };
		C1F319CE2D1206E600A52005 /* SpotifySDKAppUITestsLaunchTests.swift */ = {isa = PBXFileReference; lastKnownFileType = sourcecode.swift; path = SpotifySDKAppUITestsLaunchTests.swift; sourceTree = "<group>"; };
		C1F319E02D12843A00A52005 /* SpotifyiOS.xcframework */ = {isa = PBXFileReference; expectedSignature = "AppleDeveloperProgram:2FNC3A47ZF:Spotify"; lastKnownFileType = wrapper.xcframework; path = SpotifyiOS.xcframework; sourceTree = "<group>"; };
		C1F319F92D1291DB00A52005 /* Info.plist */ = {isa = PBXFileReference; lastKnownFileType = text.plist; path = Info.plist; sourceTree = "<group>"; };
/* End PBXFileReference section */

/* Begin PBXFrameworksBuildPhase section */
		C1F319AB2D1206E600A52005 /* Frameworks */ = {
			isa = PBXFrameworksBuildPhase;
			buildActionMask = 2147483647;
			files = (
				C1F319E42D12844B00A52005 /* SpotifyiOS.xcframework in Frameworks */,
			);
			runOnlyForDeploymentPostprocessing = 0;
		};
		C1F319BB2D1206E600A52005 /* Frameworks */ = {
			isa = PBXFrameworksBuildPhase;
			buildActionMask = 2147483647;
			files = (
				C1F319E22D12843A00A52005 /* SpotifyiOS.xcframework in Frameworks */,
			);
			runOnlyForDeploymentPostprocessing = 0;
		};
		C1F319C52D1206E600A52005 /* Frameworks */ = {
			isa = PBXFrameworksBuildPhase;
			buildActionMask = 2147483647;
			files = (
				C1F319E32D12843A00A52005 /* SpotifyiOS.xcframework in Frameworks */,
			);
			runOnlyForDeploymentPostprocessing = 0;
		};
/* End PBXFrameworksBuildPhase section */

/* Begin PBXGroup section */
		C1018C6C2D13487900B60CAB /* Frameworks */ = {
			isa = PBXGroup;
			children = (
				C1F319E02D12843A00A52005 /* SpotifyiOS.xcframework */,
			);
			path = Frameworks;
			sourceTree = "<group>";
		};
		C1F319A52D1206E500A52005 = {
			isa = PBXGroup;
			children = (
				C1F319B02D1206E600A52005 /* SpotifySDKApp */,
				C1F319C12D1206E600A52005 /* SpotifySDKAppTests */,
				C1F319CB2D1206E600A52005 /* SpotifySDKAppUITests */,
				C1018C6C2D13487900B60CAB /* Frameworks */,
				C1F319AF2D1206E600A52005 /* Products */,
			);
			sourceTree = "<group>";
		};
		C1F319AF2D1206E600A52005 /* Products */ = {
			isa = PBXGroup;
			children = (
				C1F319AE2D1206E600A52005 /* SpotifySDKApp.app */,
				C1F319BE2D1206E600A52005 /* SpotifySDKAppTests.xctest */,
				C1F319C82D1206E600A52005 /* SpotifySDKAppUITests.xctest */,
			);
			name = Products;
			sourceTree = "<group>";
		};
		C1F319B02D1206E600A52005 /* SpotifySDKApp */ = {
			isa = PBXGroup;
			children = (
				C1F319F92D1291DB00A52005 /* Info.plist */,
				C1F319B12D1206E600A52005 /* SpotifySDKAppApp.swift */,
				C1F319B32D1206E600A52005 /* ContentView.swift */,
				C1F319B52D1206E600A52005 /* Assets.xcassets */,
				C1F319B72D1206E600A52005 /* Preview Content */,
				C1018C6B2D13482600B60CAB /* SpotifySDKApp-Bridging-Header.h */,
			);
			path = SpotifySDKApp;
			sourceTree = "<group>";
		};
		C1F319B72D1206E600A52005 /* Preview Content */ = {
			isa = PBXGroup;
			children = (
				C1F319B82D1206E600A52005 /* Preview Assets.xcassets */,
			);
			path = "Preview Content";
			sourceTree = "<group>";
		};
		C1F319C12D1206E600A52005 /* SpotifySDKAppTests */ = {
			isa = PBXGroup;
			children = (
				C1F319C22D1206E600A52005 /* SpotifySDKAppTests.swift */,
			);
			path = SpotifySDKAppTests;
			sourceTree = "<group>";
		};
		C1F319CB2D1206E600A52005 /* SpotifySDKAppUITests */ = {
			isa = PBXGroup;
			children = (
				C1F319CC2D1206E600A52005 /* SpotifySDKAppUITests.swift */,
				C1F319CE2D1206E600A52005 /* SpotifySDKAppUITestsLaunchTests.swift */,
			);
			path = SpotifySDKAppUITests;
			sourceTree = "<group>";
		};
/* End PBXGroup section */

/* Begin PBXNativeTarget section */
		C1F319AD2D1206E600A52005 /* SpotifySDKApp */ = {
			isa = PBXNativeTarget;
			buildConfigurationList = C1F319D22D1206E600A52005 /* Build configuration list for PBXNativeTarget "SpotifySDKApp" */;
			buildPhases = (
				C1F319AA2D1206E600A52005 /* Sources */,
				C1F319AB2D1206E600A52005 /* Frameworks */,
				C1F319AC2D1206E600A52005 /* Resources */,
				C1F319E62D12844B00A52005 /* Embed Frameworks */,
			);
			buildRules = (
			);
			dependencies = (
			);
			name = SpotifySDKApp;
			productName = SpotifySDKApp;
			productReference = C1F319AE2D1206E600A52005 /* SpotifySDKApp.app */;
			productType = "com.apple.product-type.application";
		};
		C1F319BD2D1206E600A52005 /* SpotifySDKAppTests */ = {
			isa = PBXNativeTarget;
			buildConfigurationList = C1F319D52D1206E600A52005 /* Build configuration list for PBXNativeTarget "SpotifySDKAppTests" */;
			buildPhases = (
				C1F319BA2D1206E600A52005 /* Sources */,
				C1F319BB2D1206E600A52005 /* Frameworks */,
				C1F319BC2D1206E600A52005 /* Resources */,
			);
			buildRules = (
			);
			dependencies = (
				C1F319C02D1206E600A52005 /* PBXTargetDependency */,
			);
			name = SpotifySDKAppTests;
			productName = SpotifySDKAppTests;
			productReference = C1F319BE2D1206E600A52005 /* SpotifySDKAppTests.xctest */;
			productType = "com.apple.product-type.bundle.unit-test";
		};
		C1F319C72D1206E600A52005 /* SpotifySDKAppUITests */ = {
			isa = PBXNativeTarget;
			buildConfigurationList = C1F319D82D1206E600A52005 /* Build configuration list for PBXNativeTarget "SpotifySDKAppUITests" */;
			buildPhases = (
				C1F319C42D1206E600A52005 /* Sources */,
				C1F319C52D1206E600A52005 /* Frameworks */,
				C1F319C62D1206E600A52005 /* Resources */,
			);
			buildRules = (
			);
			dependencies = (
				C1F319CA2D1206E600A52005 /* PBXTargetDependency */,
			);
			name = SpotifySDKAppUITests;
			productName = SpotifySDKAppUITests;
			productReference = C1F319C82D1206E600A52005 /* SpotifySDKAppUITests.xctest */;
			productType = "com.apple.product-type.bundle.ui-testing";
		};
/* End PBXNativeTarget section */

/* Begin PBXProject section */
		C1F319A62D1206E600A52005 /* Project object */ = {
			isa = PBXProject;
			attributes = {
				BuildIndependentTargetsInParallel = 1;
				LastSwiftUpdateCheck = 1520;
				LastUpgradeCheck = 1520;
				TargetAttributes = {
					C1F319AD2D1206E600A52005 = {
						CreatedOnToolsVersion = 15.2;
					};
					C1F319BD2D1206E600A52005 = {
						CreatedOnToolsVersion = 15.2;
						TestTargetID = C1F319AD2D1206E600A52005;
					};
					C1F319C72D1206E600A52005 = {
						CreatedOnToolsVersion = 15.2;
						TestTargetID = C1F319AD2D1206E600A52005;
					};
				};
			};
			buildConfigurationList = C1F319A92D1206E600A52005 /* Build configuration list for PBXProject "SpotifySDKApp" */;
			compatibilityVersion = "Xcode 14.0";
			developmentRegion = en;
			hasScannedForEncodings = 0;
			knownRegions = (
				en,
				Base,
			);
			mainGroup = C1F319A52D1206E500A52005;
			productRefGroup = C1F319AF2D1206E600A52005 /* Products */;
			projectDirPath = "";
			projectRoot = "";
			targets = (
				C1F319AD2D1206E600A52005 /* SpotifySDKApp */,
				C1F319BD2D1206E600A52005 /* SpotifySDKAppTests */,
				C1F319C72D1206E600A52005 /* SpotifySDKAppUITests */,
			);
		};
/* End PBXProject section */

/* Begin PBXResourcesBuildPhase section */
		C1F319AC2D1206E600A52005 /* Resources */ = {
			isa = PBXResourcesBuildPhase;
			buildActionMask = 2147483647;
			files = (
				C1F319B92D1206E600A52005 /* Preview Assets.xcassets in Resources */,
				C1F319B62D1206E600A52005 /* Assets.xcassets in Resources */,
			);
			runOnlyForDeploymentPostprocessing = 0;
		};
		C1F319BC2D1206E600A52005 /* Resources */ = {
			isa = PBXResourcesBuildPhase;
			buildActionMask = 2147483647;
			files = (
			);
			runOnlyForDeploymentPostprocessing = 0;
		};
		C1F319C62D1206E600A52005 /* Resources */ = {
			isa = PBXResourcesBuildPhase;
			buildActionMask = 2147483647;
			files = (
			);
			runOnlyForDeploymentPostprocessing = 0;
		};
/* End PBXResourcesBuildPhase section */

/* Begin PBXSourcesBuildPhase section */
		C1F319AA2D1206E600A52005 /* Sources */ = {
			isa = PBXSourcesBuildPhase;
			buildActionMask = 2147483647;
			files = (
				C1F319B42D1206E600A52005 /* ContentView.swift in Sources */,
				C1F319B22D1206E600A52005 /* SpotifySDKAppApp.swift in Sources */,
			);
			runOnlyForDeploymentPostprocessing = 0;
		};
		C1F319BA2D1206E600A52005 /* Sources */ = {
			isa = PBXSourcesBuildPhase;
			buildActionMask = 2147483647;
			files = (
				C1F319C32D1206E600A52005 /* SpotifySDKAppTests.swift in Sources */,
			);
			runOnlyForDeploymentPostprocessing = 0;
		};
		C1F319C42D1206E600A52005 /* Sources */ = {
			isa = PBXSourcesBuildPhase;
			buildActionMask = 2147483647;
			files = (
				C1F319CF2D1206E600A52005 /* SpotifySDKAppUITestsLaunchTests.swift in Sources */,
				C1F319CD2D1206E600A52005 /* SpotifySDKAppUITests.swift in Sources */,
			);
			runOnlyForDeploymentPostprocessing = 0;
		};
/* End PBXSourcesBuildPhase section */

/* Begin PBXTargetDependency section */
		C1F319C02D1206E600A52005 /* PBXTargetDependency */ = {
			isa = PBXTargetDependency;
			target = C1F319AD2D1206E600A52005 /* SpotifySDKApp */;
			targetProxy = C1F319BF2D1206E600A52005 /* PBXContainerItemProxy */;
		};
		C1F319CA2D1206E600A52005 /* PBXTargetDependency */ = {
			isa = PBXTargetDependency;
			target = C1F319AD2D1206E600A52005 /* SpotifySDKApp */;
			targetProxy = C1F319C92D1206E600A52005 /* PBXContainerItemProxy */;
		};
/* End PBXTargetDependency section */

/* Begin XCBuildConfiguration section */
		C1F319D02D1206E600A52005 /* Debug */ = {
			isa = XCBuildConfiguration;
			buildSettings = {
				ALWAYS_SEARCH_USER_PATHS = NO;
				ASSETCATALOG_COMPILER_GENERATE_SWIFT_ASSET_SYMBOL_EXTENSIONS = YES;
				CLANG_ANALYZER_NONNULL = YES;
				CLANG_ANALYZER_NUMBER_OBJECT_CONVERSION = YES_AGGRESSIVE;
				CLANG_CXX_LANGUAGE_STANDARD = "gnu++20";
				CLANG_ENABLE_MODULES = YES;
				CLANG_ENABLE_OBJC_ARC = YES;
				CLANG_ENABLE_OBJC_WEAK = YES;
				CLANG_WARN_BLOCK_CAPTURE_AUTORELEASING = YES;
				CLANG_WARN_BOOL_CONVERSION = YES;
				CLANG_WARN_COMMA = YES;
				CLANG_WARN_CONSTANT_CONVERSION = YES;
				CLANG_WARN_DEPRECATED_OBJC_IMPLEMENTATIONS = YES;
				CLANG_WARN_DIRECT_OBJC_ISA_USAGE = YES_ERROR;
				CLANG_WARN_DOCUMENTATION_COMMENTS = YES;
				CLANG_WARN_EMPTY_BODY = YES;
				CLANG_WARN_ENUM_CONVERSION = YES;
				CLANG_WARN_INFINITE_RECURSION = YES;
				CLANG_WARN_INT_CONVERSION = YES;
				CLANG_WARN_NON_LITERAL_NULL_CONVERSION = YES;
				CLANG_WARN_OBJC_IMPLICIT_RETAIN_SELF = YES;
				CLANG_WARN_OBJC_LITERAL_CONVERSION = YES;
				CLANG_WARN_OBJC_ROOT_CLASS = YES_ERROR;
				CLANG_WARN_QUOTED_INCLUDE_IN_FRAMEWORK_HEADER = YES;
				CLANG_WARN_RANGE_LOOP_ANALYSIS = YES;
				CLANG_WARN_STRICT_PROTOTYPES = YES;
				CLANG_WARN_SUSPICIOUS_MOVE = YES;
				CLANG_WARN_UNGUARDED_AVAILABILITY = YES_AGGRESSIVE;
				CLANG_WARN_UNREACHABLE_CODE = YES;
				CLANG_WARN__DUPLICATE_METHOD_MATCH = YES;
				COPY_PHASE_STRIP = NO;
				DEBUG_INFORMATION_FORMAT = dwarf;
				ENABLE_STRICT_OBJC_MSGSEND = YES;
				ENABLE_TESTABILITY = YES;
				ENABLE_USER_SCRIPT_SANDBOXING = YES;
				GCC_C_LANGUAGE_STANDARD = gnu17;
				GCC_DYNAMIC_NO_PIC = NO;
				GCC_NO_COMMON_BLOCKS = YES;
				GCC_OPTIMIZATION_LEVEL = 0;
				GCC_PREPROCESSOR_DEFINITIONS = (
					"DEBUG=1",
					"$(inherited)",
				);
				GCC_WARN_64_TO_32_BIT_CONVERSION = YES;
				GCC_WARN_ABOUT_RETURN_TYPE = YES_ERROR;
				GCC_WARN_UNDECLARED_SELECTOR = YES;
				GCC_WARN_UNINITIALIZED_AUTOS = YES_AGGRESSIVE;
				GCC_WARN_UNUSED_FUNCTION = YES;
				GCC_WARN_UNUSED_VARIABLE = YES;
				IPHONEOS_DEPLOYMENT_TARGET = 17.2;
				LOCALIZATION_PREFERS_STRING_CATALOGS = YES;
				MTL_ENABLE_DEBUG_INFO = INCLUDE_SOURCE;
				MTL_FAST_MATH = YES;
				ONLY_ACTIVE_ARCH = YES;
				SDKROOT = iphoneos;
				SWIFT_ACTIVE_COMPILATION_CONDITIONS = "DEBUG $(inherited)";
				SWIFT_OPTIMIZATION_LEVEL = "-Onone";
			};
			name = Debug;
		};
		C1F319D12D1206E600A52005 /* Release */ = {
			isa = XCBuildConfiguration;
			buildSettings = {
				ALWAYS_SEARCH_USER_PATHS = NO;
				ASSETCATALOG_COMPILER_GENERATE_SWIFT_ASSET_SYMBOL_EXTENSIONS = YES;
				CLANG_ANALYZER_NONNULL = YES;
				CLANG_ANALYZER_NUMBER_OBJECT_CONVERSION = YES_AGGRESSIVE;
				CLANG_CXX_LANGUAGE_STANDARD = "gnu++20";
				CLANG_ENABLE_MODULES = YES;
				CLANG_ENABLE_OBJC_ARC = YES;
				CLANG_ENABLE_OBJC_WEAK = YES;
				CLANG_WARN_BLOCK_CAPTURE_AUTORELEASING = YES;
				CLANG_WARN_BOOL_CONVERSION = YES;
				CLANG_WARN_COMMA = YES;
				CLANG_WARN_CONSTANT_CONVERSION = YES;
				CLANG_WARN_DEPRECATED_OBJC_IMPLEMENTATIONS = YES;
				CLANG_WARN_DIRECT_OBJC_ISA_USAGE = YES_ERROR;
				CLANG_WARN_DOCUMENTATION_COMMENTS = YES;
				CLANG_WARN_EMPTY_BODY = YES;
				CLANG_WARN_ENUM_CONVERSION = YES;
				CLANG_WARN_INFINITE_RECURSION = YES;
				CLANG_WARN_INT_CONVERSION = YES;
				CLANG_WARN_NON_LITERAL_NULL_CONVERSION = YES;
				CLANG_WARN_OBJC_IMPLICIT_RETAIN_SELF = YES;
				CLANG_WARN_OBJC_LITERAL_CONVERSION = YES;
				CLANG_WARN_OBJC_ROOT_CLASS = YES_ERROR;
				CLANG_WARN_QUOTED_INCLUDE_IN_FRAMEWORK_HEADER = YES;
				CLANG_WARN_RANGE_LOOP_ANALYSIS = YES;
				CLANG_WARN_STRICT_PROTOTYPES = YES;
				CLANG_WARN_SUSPICIOUS_MOVE = YES;
				CLANG_WARN_UNGUARDED_AVAILABILITY = YES_AGGRESSIVE;
				CLANG_WARN_UNREACHABLE_CODE = YES;
				CLANG_WARN__DUPLICATE_METHOD_MATCH = YES;
				COPY_PHASE_STRIP = NO;
				DEBUG_INFORMATION_FORMAT = "dwarf-with-dsym";
				ENABLE_NS_ASSERTIONS = NO;
				ENABLE_STRICT_OBJC_MSGSEND = YES;
				ENABLE_USER_SCRIPT_SANDBOXING = YES;
				GCC_C_LANGUAGE_STANDARD = gnu17;
				GCC_NO_COMMON_BLOCKS = YES;
				GCC_WARN_64_TO_32_BIT_CONVERSION = YES;
				GCC_WARN_ABOUT_RETURN_TYPE = YES_ERROR;
				GCC_WARN_UNDECLARED_SELECTOR = YES;
				GCC_WARN_UNINITIALIZED_AUTOS = YES_AGGRESSIVE;
				GCC_WARN_UNUSED_FUNCTION = YES;
				GCC_WARN_UNUSED_VARIABLE = YES;
				IPHONEOS_DEPLOYMENT_TARGET = 17.2;
				LOCALIZATION_PREFERS_STRING_CATALOGS = YES;
				MTL_ENABLE_DEBUG_INFO = NO;
				MTL_FAST_MATH = YES;
				SDKROOT = iphoneos;
				SWIFT_COMPILATION_MODE = wholemodule;
				VALIDATE_PRODUCT = YES;
			};
			name = Release;
		};
		C1F319D32D1206E600A52005 /* Debug */ = {
			isa = XCBuildConfiguration;
			buildSettings = {
				ASSETCATALOG_COMPILER_APPICON_NAME = AppIcon;
				ASSETCATALOG_COMPILER_GLOBAL_ACCENT_COLOR_NAME = AccentColor;
				CODE_SIGN_STYLE = Automatic;
				CURRENT_PROJECT_VERSION = 1;
				DEVELOPMENT_ASSET_PATHS = "\"SpotifySDKApp/Preview Content\"";
				ENABLE_PREVIEWS = YES;
				GENERATE_INFOPLIST_FILE = YES;
				INFOPLIST_FILE = SpotifySDKApp/Info.plist;
				INFOPLIST_KEY_LSApplicationCategoryType = "";
				INFOPLIST_KEY_UIApplicationSceneManifest_Generation = YES;
				INFOPLIST_KEY_UIApplicationSupportsIndirectInputEvents = YES;
				INFOPLIST_KEY_UILaunchScreen_Generation = YES;
				INFOPLIST_KEY_UISupportedInterfaceOrientations_iPad = "UIInterfaceOrientationPortrait UIInterfaceOrientationPortraitUpsideDown UIInterfaceOrientationLandscapeLeft UIInterfaceOrientationLandscapeRight";
				INFOPLIST_KEY_UISupportedInterfaceOrientations_iPhone = "UIInterfaceOrientationPortrait UIInterfaceOrientationLandscapeLeft UIInterfaceOrientationLandscapeRight";
				LD_RUNPATH_SEARCH_PATHS = (
					"$(inherited)",
					"@executable_path/Frameworks",
				);
				MARKETING_VERSION = 1.0;
				OTHER_LDFLAGS = "-ObjC";
				PRODUCT_BUNDLE_IDENTIFIER = "com.spotify.iOS-SDK-AISong";
				PRODUCT_NAME = "$(TARGET_NAME)";
				SWIFT_EMIT_LOC_STRINGS = YES;
				SWIFT_OBJC_BRIDGING_HEADER = "SpotifySDKApp/SpotifySDKApp-Bridging-Header.h";
				SWIFT_VERSION = 5.0;
				TARGETED_DEVICE_FAMILY = "1,2";
			};
			name = Debug;
		};
		C1F319D42D1206E600A52005 /* Release */ = {
			isa = XCBuildConfiguration;
			buildSettings = {
				ASSETCATALOG_COMPILER_APPICON_NAME = AppIcon;
				ASSETCATALOG_COMPILER_GLOBAL_ACCENT_COLOR_NAME = AccentColor;
				CODE_SIGN_STYLE = Automatic;
				CURRENT_PROJECT_VERSION = 1;
				DEVELOPMENT_ASSET_PATHS = "\"SpotifySDKApp/Preview Content\"";
				ENABLE_PREVIEWS = YES;
				GENERATE_INFOPLIST_FILE = YES;
				INFOPLIST_FILE = SpotifySDKApp/Info.plist;
				INFOPLIST_KEY_LSApplicationCategoryType = "";
				INFOPLIST_KEY_UIApplicationSceneManifest_Generation = YES;
				INFOPLIST_KEY_UIApplicationSupportsIndirectInputEvents = YES;
				INFOPLIST_KEY_UILaunchScreen_Generation = YES;
				INFOPLIST_KEY_UISupportedInterfaceOrientations_iPad = "UIInterfaceOrientationPortrait UIInterfaceOrientationPortraitUpsideDown UIInterfaceOrientationLandscapeLeft UIInterfaceOrientationLandscapeRight";
				INFOPLIST_KEY_UISupportedInterfaceOrientations_iPhone = "UIInterfaceOrientationPortrait UIInterfaceOrientationLandscapeLeft UIInterfaceOrientationLandscapeRight";
				LD_RUNPATH_SEARCH_PATHS = (
					"$(inherited)",
					"@executable_path/Frameworks",
				);
				MARKETING_VERSION = 1.0;
				OTHER_LDFLAGS = "-ObjC";
				PRODUCT_BUNDLE_IDENTIFIER = "com.spotify.iOS-SDK-AISong";
				PRODUCT_NAME = "$(TARGET_NAME)";
				SWIFT_EMIT_LOC_STRINGS = YES;
				SWIFT_OBJC_BRIDGING_HEADER = "SpotifySDKApp/SpotifySDKApp-Bridging-Header.h";
				SWIFT_VERSION = 5.0;
				TARGETED_DEVICE_FAMILY = "1,2";
			};
			name = Release;
		};
		C1F319D62D1206E600A52005 /* Debug */ = {
			isa = XCBuildConfiguration;
			buildSettings = {
				ALWAYS_EMBED_SWIFT_STANDARD_LIBRARIES = YES;
				BUNDLE_LOADER = "$(TEST_HOST)";
				CODE_SIGN_STYLE = Automatic;
				CURRENT_PROJECT_VERSION = 1;
				GENERATE_INFOPLIST_FILE = YES;
				IPHONEOS_DEPLOYMENT_TARGET = 17.2;
				MARKETING_VERSION = 1.0;
				PRODUCT_BUNDLE_IDENTIFIER = jorge.SpotifySDKAppTests;
				PRODUCT_NAME = "$(TARGET_NAME)";
				SWIFT_EMIT_LOC_STRINGS = NO;
				SWIFT_VERSION = 5.0;
				TARGETED_DEVICE_FAMILY = "1,2";
				TEST_HOST = "$(BUILT_PRODUCTS_DIR)/SpotifySDKApp.app/$(BUNDLE_EXECUTABLE_FOLDER_PATH)/SpotifySDKApp";
			};
			name = Debug;
		};
		C1F319D72D1206E600A52005 /* Release */ = {
			isa = XCBuildConfiguration;
			buildSettings = {
				ALWAYS_EMBED_SWIFT_STANDARD_LIBRARIES = YES;
				BUNDLE_LOADER = "$(TEST_HOST)";
				CODE_SIGN_STYLE = Automatic;
				CURRENT_PROJECT_VERSION = 1;
				GENERATE_INFOPLIST_FILE = YES;
				IPHONEOS_DEPLOYMENT_TARGET = 17.2;
				MARKETING_VERSION = 1.0;
				PRODUCT_BUNDLE_IDENTIFIER = jorge.SpotifySDKAppTests;
				PRODUCT_NAME = "$(TARGET_NAME)";
				SWIFT_EMIT_LOC_STRINGS = NO;
				SWIFT_VERSION = 5.0;
				TARGETED_DEVICE_FAMILY = "1,2";
				TEST_HOST = "$(BUILT_PRODUCTS_DIR)/SpotifySDKApp.app/$(BUNDLE_EXECUTABLE_FOLDER_PATH)/SpotifySDKApp";
			};
			name = Release;
		};
		C1F319D92D1206E600A52005 /* Debug */ = {
			isa = XCBuildConfiguration;
			buildSettings = {
				ALWAYS_EMBED_SWIFT_STANDARD_LIBRARIES = YES;
				CODE_SIGN_STYLE = Automatic;
				CURRENT_PROJECT_VERSION = 1;
				GENERATE_INFOPLIST_FILE = YES;
				MARKETING_VERSION = 1.0;
				PRODUCT_BUNDLE_IDENTIFIER = jorge.SpotifySDKAppUITests;
				PRODUCT_NAME = "$(TARGET_NAME)";
				SWIFT_EMIT_LOC_STRINGS = NO;
				SWIFT_VERSION = 5.0;
				TARGETED_DEVICE_FAMILY = "1,2";
				TEST_TARGET_NAME = SpotifySDKApp;
			};
			name = Debug;
		};
		C1F319DA2D1206E600A52005 /* Release */ = {
			isa = XCBuildConfiguration;
			buildSettings = {
				ALWAYS_EMBED_SWIFT_STANDARD_LIBRARIES = YES;
				CODE_SIGN_STYLE = Automatic;
				CURRENT_PROJECT_VERSION = 1;
				GENERATE_INFOPLIST_FILE = YES;
				MARKETING_VERSION = 1.0;
				PRODUCT_BUNDLE_IDENTIFIER = jorge.SpotifySDKAppUITests;
				PRODUCT_NAME = "$(TARGET_NAME)";
				SWIFT_EMIT_LOC_STRINGS = NO;
				SWIFT_VERSION = 5.0;
				TARGETED_DEVICE_FAMILY = "1,2";
				TEST_TARGET_NAME = SpotifySDKApp;
			};
			name = Release;
		};
/* End XCBuildConfiguration section */

/* Begin XCConfigurationList section */
		C1F319A92D1206E600A52005 /* Build configuration list for PBXProject "SpotifySDKApp" */ = {
			isa = XCConfigurationList;
			buildConfigurations = (
				C1F319D02D1206E600A52005 /* Debug */,
				C1F319D12D1206E600A52005 /* Release */,
			);
			defaultConfigurationIsVisible = 0;
			defaultConfigurationName = Release;
		};
		C1F319D22D1206E600A52005 /* Build configuration list for PBXNativeTarget "SpotifySDKApp" */ = {
			isa = XCConfigurationList;
			buildConfigurations = (
				C1F319D32D1206E600A52005 /* Debug */,
				C1F319D42D1206E600A52005 /* Release */,
			);
			defaultConfigurationIsVisible = 0;
			defaultConfigurationName = Release;
		};
		C1F319D52D1206E600A52005 /* Build configuration list for PBXNativeTarget "SpotifySDKAppTests" */ = {
			isa = XCConfigurationList;
			buildConfigurations = (
				C1F319D62D1206E600A52005 /* Debug */,
				C1F319D72D1206E600A52005 /* Release */,
			);
			defaultConfigurationIsVisible = 0;
			defaultConfigurationName = Release;
		};
		C1F319D82D1206E600A52005 /* Build configuration list for PBXNativeTarget "SpotifySDKAppUITests" */ = {
			isa = XCConfigurationList;
			buildConfigurations = (
				C1F319D92D1206E600A52005 /* Debug */,
				C1F319DA2D1206E600A52005 /* Release */,
			);
			defaultConfigurationIsVisible = 0;
			defaultConfigurationName = Release;
		};
/* End XCConfigurationList section */
	};
	rootObject = C1F319A62D1206E600A52005 /* Project object */;
}
